
Microsoft Visual Studio Solution File, Format Version 12.00
# Visual Studio Version 16
VisualStudioVersion = 16.0.29215.179
MinimumVisualStudioVersion = 10.0.40219.1
Project("{FAE04EC0-301F-11D3-BF4B-00C04F79EFBC}") = "RestConsumerTemplate", "RestConsumerTemplate\RestConsumerTemplate.csproj", "{7B8348D6-D1AB-4372-BEDE-D6EE6D37DC7B}"
EndProject
Global
	GlobalSection(SolutionConfigurationPlatforms) = preSolution
		Debug|Any CPU = Debug|Any CPU
		Release|Any CPU = Release|Any CPU
	EndGlobalSection
	GlobalSection(ProjectConfigurationPlatforms) = postSolution
		{7B8348D6-D1AB-4372-BEDE-D6EE6D37DC7B}.Debug|Any CPU.ActiveCfg = Debug|Any CPU
		{7B8348D6-D1AB-4372-BEDE-D6EE6D37DC7B}.Debug|Any CPU.Build.0 = Debug|Any CPU
		{7B8348D6-D1AB-4372-BEDE-D6EE6D37DC7B}.Release|Any CPU.ActiveCfg = Release|Any CPU
		{7B8348D6-D1AB-4372-BEDE-D6EE6D37DC7B}.Release|Any CPU.Build.0 = Release|Any CPU
	EndGlobalSection
	GlobalSection(SolutionProperties) = preSolution
		HideSolutionNode = FALSE
	EndGlobalSection
	GlobalSection(ExtensibilityGlobals) = postSolution
		SolutionGuid = {39B74516-7B38-421F-8D6A-887497C459E0}
	EndGlobalSection
EndGlobal
