
Microsoft Visual Studio Solution File, Format Version 12.00
# Visual Studio Version 16
VisualStudioVersion = 16.0.29215.179
MinimumVisualStudioVersion = 10.0.40219.1
Project("{FAE04EC0-301F-11D3-BF4B-00C04F79EFBC}") = "TCPClientTemplate", "TCPClientTemplate\TCPClientTemplate.csproj", "{AC55696C-27E0-49C7-9527-3B156F00DBEA}"
EndProject
Global
	GlobalSection(SolutionConfigurationPlatforms) = preSolution
		Debug|Any CPU = Debug|Any CPU
		Release|Any CPU = Release|Any CPU
	EndGlobalSection
	GlobalSection(ProjectConfigurationPlatforms) = postSolution
		{AC55696C-27E0-49C7-9527-3B156F00DBEA}.Debug|Any CPU.ActiveCfg = Debug|Any CPU
		{AC55696C-27E0-49C7-9527-3B156F00DBEA}.Debug|Any CPU.Build.0 = Debug|Any CPU
		{AC55696C-27E0-49C7-9527-3B156F00DBEA}.Release|Any CPU.ActiveCfg = Release|Any CPU
		{AC55696C-27E0-49C7-9527-3B156F00DBEA}.Release|Any CPU.Build.0 = Release|Any CPU
	EndGlobalSection
	GlobalSection(SolutionProperties) = preSolution
		HideSolutionNode = FALSE
	EndGlobalSection
	GlobalSection(ExtensibilityGlobals) = postSolution
		SolutionGuid = {28DD606E-BEB7-4628-A8F7-B61F4B5FE933}
	EndGlobalSection
EndGlobal
